
Microsoft Visual Studio Solution File, Format Version 11.00
# Visual Studio 2010
Project("{8BC9CEB8-8B4A-11D0-8D11-00A0C91BC942}") = "bootanim", "bootanim\bootanim.vcxproj", "{7FCE1694-BED5-42E5-89E6-60B478BB1C09}"
EndProject
Project("{8BC9CEB8-8B4A-11D0-8D11-00A0C91BC942}") = "AtgFramework", "..\Xbox360Samples\DynamicLinkLibrary\Common\AtgFramework2010.vcxproj", "{91D208A6-9936-47FD-9659-67205C3EB0AB}"
EndProject
Global
	GlobalSection(SolutionConfigurationPlatforms) = preSolution
		CodeAnalysis|Xbox 360 = CodeAnalysis|Xbox 360
		Debug|Xbox 360 = Debug|Xbox 360
		Profile_FastCap|Xbox 360 = Profile_FastCap|Xbox 360
		Profile|Xbox 360 = Profile|Xbox 360
		Release_LTCG|Xbox 360 = Release_LTCG|Xbox 360
		Release|Xbox 360 = Release|Xbox 360
	EndGlobalSection
	GlobalSection(ProjectConfigurationPlatforms) = postSolution
		{7FCE1694-BED5-42E5-89E6-60B478BB1C09}.CodeAnalysis|Xbox 360.ActiveCfg = CodeAnalysis|Xbox 360
		{7FCE1694-BED5-42E5-89E6-60B478BB1C09}.CodeAnalysis|Xbox 360.Build.0 = CodeAnalysis|Xbox 360
		{7FCE1694-BED5-42E5-89E6-60B478BB1C09}.Debug|Xbox 360.ActiveCfg = Debug|Xbox 360
		{7FCE1694-BED5-42E5-89E6-60B478BB1C09}.Debug|Xbox 360.Build.0 = Debug|Xbox 360
		{7FCE1694-BED5-42E5-89E6-60B478BB1C09}.Profile_FastCap|Xbox 360.ActiveCfg = Profile_FastCap|Xbox 360
		{7FCE1694-BED5-42E5-89E6-60B478BB1C09}.Profile_FastCap|Xbox 360.Build.0 = Profile_FastCap|Xbox 360
		{7FCE1694-BED5-42E5-89E6-60B478BB1C09}.Profile|Xbox 360.ActiveCfg = Profile|Xbox 360
		{7FCE1694-BED5-42E5-89E6-60B478BB1C09}.Profile|Xbox 360.Build.0 = Profile|Xbox 360
		{7FCE1694-BED5-42E5-89E6-60B478BB1C09}.Release_LTCG|Xbox 360.ActiveCfg = Release_LTCG|Xbox 360
		{7FCE1694-BED5-42E5-89E6-60B478BB1C09}.Release_LTCG|Xbox 360.Build.0 = Release_LTCG|Xbox 360
		{7FCE1694-BED5-42E5-89E6-60B478BB1C09}.Release|Xbox 360.ActiveCfg = Release|Xbox 360
		{7FCE1694-BED5-42E5-89E6-60B478BB1C09}.Release|Xbox 360.Build.0 = Release|Xbox 360
		{91D208A6-9936-47FD-9659-67205C3EB0AB}.CodeAnalysis|Xbox 360.ActiveCfg = CodeAnalysis|Xbox 360
		{91D208A6-9936-47FD-9659-67205C3EB0AB}.CodeAnalysis|Xbox 360.Build.0 = CodeAnalysis|Xbox 360
		{91D208A6-9936-47FD-9659-67205C3EB0AB}.CodeAnalysis|Xbox 360.Deploy.0 = CodeAnalysis|Xbox 360
		{91D208A6-9936-47FD-9659-67205C3EB0AB}.Debug|Xbox 360.ActiveCfg = Debug|Xbox 360
		{91D208A6-9936-47FD-9659-67205C3EB0AB}.Debug|Xbox 360.Build.0 = Debug|Xbox 360
		{91D208A6-9936-47FD-9659-67205C3EB0AB}.Debug|Xbox 360.Deploy.0 = Debug|Xbox 360
		{91D208A6-9936-47FD-9659-67205C3EB0AB}.Profile_FastCap|Xbox 360.ActiveCfg = Profile_FastCap|Xbox 360
		{91D208A6-9936-47FD-9659-67205C3EB0AB}.Profile_FastCap|Xbox 360.Build.0 = Profile_FastCap|Xbox 360
		{91D208A6-9936-47FD-9659-67205C3EB0AB}.Profile_FastCap|Xbox 360.Deploy.0 = Profile_FastCap|Xbox 360
		{91D208A6-9936-47FD-9659-67205C3EB0AB}.Profile|Xbox 360.ActiveCfg = Profile|Xbox 360
		{91D208A6-9936-47FD-9659-67205C3EB0AB}.Profile|Xbox 360.Build.0 = Profile|Xbox 360
		{91D208A6-9936-47FD-9659-67205C3EB0AB}.Profile|Xbox 360.Deploy.0 = Profile|Xbox 360
		{91D208A6-9936-47FD-9659-67205C3EB0AB}.Release_LTCG|Xbox 360.ActiveCfg = Release_LTCG|Xbox 360
		{91D208A6-9936-47FD-9659-67205C3EB0AB}.Release_LTCG|Xbox 360.Build.0 = Release_LTCG|Xbox 360
		{91D208A6-9936-47FD-9659-67205C3EB0AB}.Release_LTCG|Xbox 360.Deploy.0 = Release_LTCG|Xbox 360
		{91D208A6-9936-47FD-9659-67205C3EB0AB}.Release|Xbox 360.ActiveCfg = Release|Xbox 360
		{91D208A6-9936-47FD-9659-67205C3EB0AB}.Release|Xbox 360.Build.0 = Release|Xbox 360
		{91D208A6-9936-47FD-9659-67205C3EB0AB}.Release|Xbox 360.Deploy.0 = Release|Xbox 360
	EndGlobalSection
	GlobalSection(SolutionProperties) = preSolution
		HideSolutionNode = FALSE
	EndGlobalSection
EndGlobal
